<?xml version="1.0" encoding="utf-8"?>
<Project ToolsVersion="4.0" xmlns="http://schemas.microsoft.com/developer/msbuild/2003">
  <ItemGroup>
    <Filter Include="Source Files">
      <UniqueIdentifier>{4FC737F1-C7A5-4376-A066-2A32D752A2FF}</UniqueIdentifier>
      <Extensions>cpp;c;cc;cxx;def;odl;idl;hpj;bat;asm;asmx</Extensions>
    </Filter>
    <Filter Include="Header Files">
      <UniqueIdentifier>{93995380-89BD-4b04-88EB-625FBE52EBFB}</UniqueIdentifier>
      <Extensions>h;hpp;hxx;hm;inl;inc;xsd</Extensions>
    </Filter>
    <Filter Include="Resource Files">
      <UniqueIdentifier>{67DA6AB6-F800-4c08-8B7A-83BB121AAD01}</UniqueIdentifier>
      <Extensions>rc;ico;cur;bmp;dlg;rc2;rct;bin;rgs;gif;jpg;jpeg;jpe;resx;tiff;tif;png;wav;mfcribbon-ms</Extensions>
    </Filter>
    <Filter Include="Libraries">
      <UniqueIdentifier>{bcd1794d-7d3c-4c39-baf7-4eba3a4b3dc8}</UniqueIdentifier>
    </Filter>
    <Filter Include="Libraries\JSON">
      <UniqueIdentifier>{3b2f6654-df3c-4409-9dad-c31980642313}</UniqueIdentifier>
    </Filter>
    <Filter Include="Source Files\entities">
      <UniqueIdentifier>{0c608705-d3ce-45c1-b7da-08f3fe031a6d}</UniqueIdentifier>
    </Filter>
    <Filter Include="Header Files\entities">
      <UniqueIdentifier>{751cfb7d-6f8f-4544-8da3-38865933c577}</UniqueIdentifier>
    </Filter>
  </ItemGroup>
  <ItemGroup>
    <ClCompile Include="..\json\cJSON.c">
      <Filter>Libraries\JSON</Filter>
    </ClCompile>
    <ClCompile Include="..\modcode\Player.cpp">
      <Filter>Source Files</Filter>
    </ClCompile>
    <ClCompile Include="..\modcode\Worldspace.cpp">
      <Filter>Source Files</Filter>
    </ClCompile>
    <ClCompile Include="..\game\r_shared.cpp">
      <Filter>Source Files</Filter>
    </ClCompile>
    <ClCompile Include="..\modcode\DungeonManager.cpp">
      <Filter>Source Files</Filter>
    </ClCompile>
    <ClCompile Include="..\modcode\MapLoader.cpp">
      <Filter>Source Files</Filter>
    </ClCompile>
    <ClCompile Include="..\modcode\Map.cpp">
      <Filter>Source Files</Filter>
    </ClCompile>
    <ClCompile Include="..\modcode\Client.cpp">
      <Filter>Source Files</Filter>
    </ClCompile>
    <ClCompile Include="..\modcode\entities\info_player_start.cpp">
      <Filter>Source Files\entities</Filter>
    </ClCompile>
    <ClCompile Include="..\modcode\Local.cpp">
      <Filter>Source Files</Filter>
    </ClCompile>
    <ClCompile Include="..\modcode\Main.cpp">
      <Filter>Source Files</Filter>
    </ClCompile>
    <ClCompile Include="..\modcode\Json.cpp">
      <Filter>Source Files</Filter>
    </ClCompile>
    <ClCompile Include="..\modcode\Actor.cpp">
      <Filter>Source Files</Filter>
    </ClCompile>
    <ClCompile Include="..\modcode\Container.cpp">
      <Filter>Source Files</Filter>
    </ClCompile>
    <ClCompile Include="..\modcode\entities\contain_chest.cpp">
      <Filter>Source Files\entities</Filter>
    </ClCompile>
  </ItemGroup>
  <ItemGroup>
    <ClInclude Include="..\json\cJSON.h">
      <Filter>Libraries\JSON</Filter>
    </ClInclude>
    <ClInclude Include="..\modcode\QuadTree.h">
      <Filter>Header Files</Filter>
    </ClInclude>
    <ClInclude Include="..\common\RVector.h">
      <Filter>Header Files</Filter>
    </ClInclude>
    <ClInclude Include="..\game\sys_shared.h">
      <Filter>Header Files</Filter>
    </ClInclude>
    <ClInclude Include="..\modcode\DungeonManager.h">
      <Filter>Header Files</Filter>
    </ClInclude>
    <ClInclude Include="..\modcode\Worldspace.h">
      <Filter>Header Files</Filter>
    </ClInclude>
    <ClInclude Include="..\modcode\Player.h">
      <Filter>Header Files</Filter>
    </ClInclude>
    <ClInclude Include="..\modcode\Entity.h">
      <Filter>Header Files</Filter>
    </ClInclude>
    <ClInclude Include="..\modcode\Actor.h">
      <Filter>Header Files</Filter>
    </ClInclude>
    <ClInclude Include="..\modcode\MapLoader.h">
      <Filter>Header Files</Filter>
    </ClInclude>
    <ClInclude Include="..\modcode\Tile.h">
      <Filter>Header Files</Filter>
    </ClInclude>
    <ClInclude Include="..\modcode\Warp.h">
      <Filter>Header Files</Filter>
    </ClInclude>
    <ClInclude Include="..\modcode\MapFramework.h">
      <Filter>Header Files</Filter>
    </ClInclude>
    <ClInclude Include="..\modcode\Map.h">
      <Filter>Header Files</Filter>
    </ClInclude>
    <ClInclude Include="..\modcode\PresetFileData.h">
      <Filter>Header Files</Filter>
    </ClInclude>
    <ClInclude Include="..\modcode\entities\info_player_start.h">
      <Filter>Header Files\entities</Filter>
    </ClInclude>
    <ClInclude Include="..\modcode\Json.h">
      <Filter>Header Files</Filter>
    </ClInclude>
    <ClInclude Include="..\modcode\Local.h">
      <Filter>Header Files</Filter>
    </ClInclude>
    <ClInclude Include="..\modcode\Container.h">
      <Filter>Header Files</Filter>
    </ClInclude>
    <ClInclude Include="..\modcode\entities\contain_chest.h">
      <Filter>Header Files\entities</Filter>
    </ClInclude>
    <ClInclude Include="..\modcode\Client.h">
      <Filter>Header Files</Filter>
    </ClInclude>
  </ItemGroup>
</Project>