<?xml version="1.0" encoding="utf-8"?>
<Project ToolsVersion="4.0" xmlns="http://schemas.microsoft.com/developer/msbuild/2003">
  <ItemGroup>
    <Filter Include="Source Files">
      <UniqueIdentifier>{4FC737F1-C7A5-4376-A066-2A32D752A2FF}</UniqueIdentifier>
      <Extensions>cpp;c;cc;cxx;def;odl;idl;hpj;bat;asm;asmx</Extensions>
    </Filter>
    <Filter Include="Header Files">
      <UniqueIdentifier>{93995380-89BD-4b04-88EB-625FBE52EBFB}</UniqueIdentifier>
      <Extensions>h;hpp;hxx;hm;inl;inc;xsd</Extensions>
    </Filter>
    <Filter Include="Resource Files">
      <UniqueIdentifier>{67DA6AB6-F800-4c08-8B7A-83BB121AAD01}</UniqueIdentifier>
      <Extensions>rc;ico;cur;bmp;dlg;rc2;rct;bin;rgs;gif;jpg;jpeg;jpe;resx;tiff;tif;png;wav;mfcribbon-ms</Extensions>
    </Filter>
    <Filter Include="Libraries">
      <UniqueIdentifier>{bcd1794d-7d3c-4c39-baf7-4eba3a4b3dc8}</UniqueIdentifier>
    </Filter>
    <Filter Include="Libraries\JSON">
      <UniqueIdentifier>{3b2f6654-df3c-4409-9dad-c31980642313}</UniqueIdentifier>
    </Filter>
  </ItemGroup>
  <ItemGroup>
    <ClCompile Include="..\modcode\g_main.cpp">
      <Filter>Source Files</Filter>
    </ClCompile>
    <ClCompile Include="..\json\cJSON.c">
      <Filter>Libraries\JSON</Filter>
    </ClCompile>
    <ClCompile Include="..\modcode\g_levels.cpp">
      <Filter>Source Files</Filter>
    </ClCompile>
    <ClCompile Include="..\modcode\g_json.cpp">
      <Filter>Source Files</Filter>
    </ClCompile>
    <ClCompile Include="..\modcode\g_preset.cpp">
      <Filter>Source Files</Filter>
    </ClCompile>
  </ItemGroup>
  <ItemGroup>
    <ClInclude Include="..\modcode\g_local.h">
      <Filter>Header Files</Filter>
    </ClInclude>
    <ClInclude Include="..\json\cJSON.h">
      <Filter>Libraries\JSON</Filter>
    </ClInclude>
    <ClInclude Include="..\modcode\g_json.h">
      <Filter>Header Files</Filter>
    </ClInclude>
  </ItemGroup>
</Project>