
Microsoft Visual Studio Solution File, Format Version 12.00
# Visual Studio 2013
VisualStudioVersion = 12.0.31101.0
MinimumVisualStudioVersion = 10.0.40219.1
Project("{8BC9CEB8-8B4A-11D0-8D11-00A0C91BC942}") = "Rapture", "Rapture.vcxproj", "{2E8A9A14-709B-4B42-AE2A-BEC940FBF39A}"
EndProject
Project("{8BC9CEB8-8B4A-11D0-8D11-00A0C91BC942}") = "gamex86", "..\gamex86\gamex86.vcxproj", "{70549835-D4E2-4A31-8ED4-5D885CDE6D70}"
EndProject
Project("{8BC9CEB8-8B4A-11D0-8D11-00A0C91BC942}") = "editorx86", "..\editor\editorx86\editorx86.vcxproj", "{AE4AA20C-E6CD-4133-ABDF-7F09C526CE09}"
EndProject
Project("{8BC9CEB8-8B4A-11D0-8D11-00A0C91BC942}") = "Game Assets", "..\assets\game_assets\game_assets.vcxproj", "{FDC15BE3-10AE-4BE4-AB6A-EE10E5EE7B38}"
EndProject
Project("{8BC9CEB8-8B4A-11D0-8D11-00A0C91BC942}") = "rend_opengl", "..\rend_opengl\rend_opengl.vcxproj", "{686EA3EA-A049-4A42-A4DC-1D3F2622191E}"
EndProject
Project("{8BC9CEB8-8B4A-11D0-8D11-00A0C91BC942}") = "rend_sdl", "..\rend_sdl\rend_sdl.vcxproj", "{C38ED161-FCC7-4D07-BA99-B6A58B4CFC69}"
EndProject
Global
	GlobalSection(SolutionConfigurationPlatforms) = preSolution
		Debug|Win32 = Debug|Win32
		Release|Win32 = Release|Win32
	EndGlobalSection
	GlobalSection(ProjectConfigurationPlatforms) = postSolution
		{2E8A9A14-709B-4B42-AE2A-BEC940FBF39A}.Debug|Win32.ActiveCfg = Debug|Win32
		{2E8A9A14-709B-4B42-AE2A-BEC940FBF39A}.Debug|Win32.Build.0 = Debug|Win32
		{2E8A9A14-709B-4B42-AE2A-BEC940FBF39A}.Release|Win32.ActiveCfg = Release|Win32
		{2E8A9A14-709B-4B42-AE2A-BEC940FBF39A}.Release|Win32.Build.0 = Release|Win32
		{70549835-D4E2-4A31-8ED4-5D885CDE6D70}.Debug|Win32.ActiveCfg = Debug|Win32
		{70549835-D4E2-4A31-8ED4-5D885CDE6D70}.Debug|Win32.Build.0 = Debug|Win32
		{70549835-D4E2-4A31-8ED4-5D885CDE6D70}.Release|Win32.ActiveCfg = Release|Win32
		{70549835-D4E2-4A31-8ED4-5D885CDE6D70}.Release|Win32.Build.0 = Release|Win32
		{AE4AA20C-E6CD-4133-ABDF-7F09C526CE09}.Debug|Win32.ActiveCfg = Debug|Win32
		{AE4AA20C-E6CD-4133-ABDF-7F09C526CE09}.Debug|Win32.Build.0 = Debug|Win32
		{AE4AA20C-E6CD-4133-ABDF-7F09C526CE09}.Debug|Win32.Deploy.0 = Debug|Win32
		{AE4AA20C-E6CD-4133-ABDF-7F09C526CE09}.Release|Win32.ActiveCfg = Release|Win32
		{AE4AA20C-E6CD-4133-ABDF-7F09C526CE09}.Release|Win32.Build.0 = Release|Win32
		{FDC15BE3-10AE-4BE4-AB6A-EE10E5EE7B38}.Debug|Win32.ActiveCfg = Debug|Win32
		{FDC15BE3-10AE-4BE4-AB6A-EE10E5EE7B38}.Release|Win32.ActiveCfg = Release|Win32
		{FDC15BE3-10AE-4BE4-AB6A-EE10E5EE7B38}.Release|Win32.Build.0 = Release|Win32
		{686EA3EA-A049-4A42-A4DC-1D3F2622191E}.Debug|Win32.ActiveCfg = Debug|Win32
		{686EA3EA-A049-4A42-A4DC-1D3F2622191E}.Debug|Win32.Build.0 = Debug|Win32
		{686EA3EA-A049-4A42-A4DC-1D3F2622191E}.Release|Win32.ActiveCfg = Release|Win32
		{686EA3EA-A049-4A42-A4DC-1D3F2622191E}.Release|Win32.Build.0 = Release|Win32
		{C38ED161-FCC7-4D07-BA99-B6A58B4CFC69}.Debug|Win32.ActiveCfg = Debug|Win32
		{C38ED161-FCC7-4D07-BA99-B6A58B4CFC69}.Debug|Win32.Build.0 = Debug|Win32
		{C38ED161-FCC7-4D07-BA99-B6A58B4CFC69}.Release|Win32.ActiveCfg = Release|Win32
		{C38ED161-FCC7-4D07-BA99-B6A58B4CFC69}.Release|Win32.Build.0 = Release|Win32
	EndGlobalSection
	GlobalSection(SolutionProperties) = preSolution
		HideSolutionNode = FALSE
	EndGlobalSection
	GlobalSection(Performance) = preSolution
		HasPerformanceSessions = true
	EndGlobalSection
EndGlobal
